
Microsoft Visual Studio Solution File, Format Version 12.00
# Visual Studio Version 17
VisualStudioVersion = 17.14.36908.2 d17.14
MinimumVisualStudioVersion = 10.0.40219.1
Project("{2150E333-8FDC-42A3-9474-1A3956D46DE8}") = "src", "src", "{02EA681E-C7D8-13C7-8484-4AC65E1B71E8}"
EndProject
Project("{FAE04EC0-301F-11D3-BF4B-00C04F79EFBC}") = "Ecom.Core", "Ecom.Core\Ecom.Core.csproj", "{2A892FD3-B563-43C8-9993-648E0EFD6CB8}"
EndProject
Project("{FAE04EC0-301F-11D3-BF4B-00C04F79EFBC}") = "Ecom.infrastructure", "Ecom.infrastructure\Ecom.infrastructure.csproj", "{C3E46B6B-862D-4706-B6D3-08EEEF4F3F87}"
EndProject
Project("{FAE04EC0-301F-11D3-BF4B-00C04F79EFBC}") = "Ecom.API", "Ecom.API\Ecom.API.csproj", "{A1279823-7153-45DE-8BEB-3568D888F1D5}"
EndProject
Global
	GlobalSection(SolutionConfigurationPlatforms) = preSolution
		Debug|Any CPU = Debug|Any CPU
		Release|Any CPU = Release|Any CPU
	EndGlobalSection
	GlobalSection(ProjectConfigurationPlatforms) = postSolution
		{2A892FD3-B563-43C8-9993-648E0EFD6CB8}.Debug|Any CPU.ActiveCfg = Debug|Any CPU
		{2A892FD3-B563-43C8-9993-648E0EFD6CB8}.Debug|Any CPU.Build.0 = Debug|Any CPU
		{2A892FD3-B563-43C8-9993-648E0EFD6CB8}.Release|Any CPU.ActiveCfg = Release|Any CPU
		{2A892FD3-B563-43C8-9993-648E0EFD6CB8}.Release|Any CPU.Build.0 = Release|Any CPU
		{C3E46B6B-862D-4706-B6D3-08EEEF4F3F87}.Debug|Any CPU.ActiveCfg = Debug|Any CPU
		{C3E46B6B-862D-4706-B6D3-08EEEF4F3F87}.Debug|Any CPU.Build.0 = Debug|Any CPU
		{C3E46B6B-862D-4706-B6D3-08EEEF4F3F87}.Release|Any CPU.ActiveCfg = Release|Any CPU
		{C3E46B6B-862D-4706-B6D3-08EEEF4F3F87}.Release|Any CPU.Build.0 = Release|Any CPU
		{A1279823-7153-45DE-8BEB-3568D888F1D5}.Debug|Any CPU.ActiveCfg = Debug|Any CPU
		{A1279823-7153-45DE-8BEB-3568D888F1D5}.Debug|Any CPU.Build.0 = Debug|Any CPU
		{A1279823-7153-45DE-8BEB-3568D888F1D5}.Release|Any CPU.ActiveCfg = Release|Any CPU
		{A1279823-7153-45DE-8BEB-3568D888F1D5}.Release|Any CPU.Build.0 = Release|Any CPU
	EndGlobalSection
	GlobalSection(SolutionProperties) = preSolution
		HideSolutionNode = FALSE
	EndGlobalSection
	GlobalSection(NestedProjects) = preSolution
		{2A892FD3-B563-43C8-9993-648E0EFD6CB8} = {02EA681E-C7D8-13C7-8484-4AC65E1B71E8}
		{C3E46B6B-862D-4706-B6D3-08EEEF4F3F87} = {02EA681E-C7D8-13C7-8484-4AC65E1B71E8}
		{A1279823-7153-45DE-8BEB-3568D888F1D5} = {02EA681E-C7D8-13C7-8484-4AC65E1B71E8}
	EndGlobalSection
	GlobalSection(ExtensibilityGlobals) = postSolution
		SolutionGuid = {43C541C6-6FAE-4ACA-9C7E-ED13C7D4503D}
	EndGlobalSection
EndGlobal
